
Microsoft Visual Studio Solution File, Format Version 12.00
# Visual Studio Version 17
VisualStudioVersion = 17.4.33213.308
MinimumVisualStudioVersion = 10.0.40219.1
Project("{FAE04EC0-301F-11D3-BF4B-00C04F79EFBC}") = "MovieBackend", "MovieBackend\MovieBackend.csproj", "{76BEF2B5-CAE3-4480-84B5-4F8238DAE032}"
EndProject
Global
	GlobalSection(SolutionConfigurationPlatforms) = preSolution
		Debug|Any CPU = Debug|Any CPU
		Release|Any CPU = Release|Any CPU
	EndGlobalSection
	GlobalSection(ProjectConfigurationPlatforms) = postSolution
		{76BEF2B5-CAE3-4480-84B5-4F8238DAE032}.Debug|Any CPU.ActiveCfg = Debug|Any CPU
		{76BEF2B5-CAE3-4480-84B5-4F8238DAE032}.Debug|Any CPU.Build.0 = Debug|Any CPU
		{76BEF2B5-CAE3-4480-84B5-4F8238DAE032}.Release|Any CPU.ActiveCfg = Release|Any CPU
		{76BEF2B5-CAE3-4480-84B5-4F8238DAE032}.Release|Any CPU.Build.0 = Release|Any CPU
	EndGlobalSection
	GlobalSection(SolutionProperties) = preSolution
		HideSolutionNode = FALSE
	EndGlobalSection
	GlobalSection(ExtensibilityGlobals) = postSolution
		SolutionGuid = {BD07BE06-925A-4ACD-B0BA-CC01D158D1B0}
	EndGlobalSection
EndGlobal
